
Microsoft Visual Studio Solution File, Format Version 12.00
# Visual Studio 15
VisualStudioVersion = 15.0.26228.4
MinimumVisualStudioVersion = 10.0.40219.1
Project("{9A19103F-16F7-4668-BE54-9A1E7A4F7556}") = "4mtr", "4mtr.csproj", "{A8F0C89D-03D8-4C4F-B6E5-D444E54FA06C}"
EndProject
Global
	GlobalSection(SolutionConfigurationPlatforms) = preSolution
		Debug|Any CPU = Debug|Any CPU
		Release|Any CPU = Release|Any CPU
	EndGlobalSection
	GlobalSection(ProjectConfigurationPlatforms) = postSolution
		{A8F0C89D-03D8-4C4F-B6E5-D444E54FA06C}.Debug|Any CPU.ActiveCfg = Debug|Any CPU
		{A8F0C89D-03D8-4C4F-B6E5-D444E54FA06C}.Debug|Any CPU.Build.0 = Debug|Any CPU
		{A8F0C89D-03D8-4C4F-B6E5-D444E54FA06C}.Release|Any CPU.ActiveCfg = Release|Any CPU
		{A8F0C89D-03D8-4C4F-B6E5-D444E54FA06C}.Release|Any CPU.Build.0 = Release|Any CPU
	EndGlobalSection
	GlobalSection(SolutionProperties) = preSolution
		HideSolutionNode = FALSE
	EndGlobalSection
EndGlobal
